
Microsoft Visual Studio Solution File, Format Version 12.00
# Visual Studio Version 17
VisualStudioVersion = 17.2.32616.157
MinimumVisualStudioVersion = 10.0.40219.1
Project("{FAE04EC0-301F-11D3-BF4B-00C04F79EFBC}") = "AppCustoViagem.Android", "AppCustoViagem\AppCustoViagem.Android\AppCustoViagem.Android.csproj", "{11FEF677-BC3B-4123-A9D1-21346BD8F30C}"
EndProject
Project("{FAE04EC0-301F-11D3-BF4B-00C04F79EFBC}") = "AppCustoViagem", "AppCustoViagem\AppCustoViagem\AppCustoViagem.csproj", "{F1CACFB2-F57C-4A27-980C-C3B748B5D2B0}"
EndProject
Global
	GlobalSection(SolutionConfigurationPlatforms) = preSolution
		Debug|Any CPU = Debug|Any CPU
		Release|Any CPU = Release|Any CPU
	EndGlobalSection
	GlobalSection(ProjectConfigurationPlatforms) = postSolution
		{11FEF677-BC3B-4123-A9D1-21346BD8F30C}.Debug|Any CPU.ActiveCfg = Debug|Any CPU
		{11FEF677-BC3B-4123-A9D1-21346BD8F30C}.Debug|Any CPU.Build.0 = Debug|Any CPU
		{11FEF677-BC3B-4123-A9D1-21346BD8F30C}.Debug|Any CPU.Deploy.0 = Debug|Any CPU
		{11FEF677-BC3B-4123-A9D1-21346BD8F30C}.Release|Any CPU.ActiveCfg = Release|Any CPU
		{11FEF677-BC3B-4123-A9D1-21346BD8F30C}.Release|Any CPU.Build.0 = Release|Any CPU
		{11FEF677-BC3B-4123-A9D1-21346BD8F30C}.Release|Any CPU.Deploy.0 = Release|Any CPU
		{F1CACFB2-F57C-4A27-980C-C3B748B5D2B0}.Debug|Any CPU.ActiveCfg = Debug|Any CPU
		{F1CACFB2-F57C-4A27-980C-C3B748B5D2B0}.Debug|Any CPU.Build.0 = Debug|Any CPU
		{F1CACFB2-F57C-4A27-980C-C3B748B5D2B0}.Debug|Any CPU.Deploy.0 = Debug|Any CPU
		{F1CACFB2-F57C-4A27-980C-C3B748B5D2B0}.Release|Any CPU.ActiveCfg = Release|Any CPU
		{F1CACFB2-F57C-4A27-980C-C3B748B5D2B0}.Release|Any CPU.Build.0 = Release|Any CPU
		{F1CACFB2-F57C-4A27-980C-C3B748B5D2B0}.Release|Any CPU.Deploy.0 = Release|Any CPU
	EndGlobalSection
	GlobalSection(SolutionProperties) = preSolution
		HideSolutionNode = FALSE
	EndGlobalSection
	GlobalSection(ExtensibilityGlobals) = postSolution
		SolutionGuid = {3373CE94-5CAE-44E7-891D-9B4B26D91710}
	EndGlobalSection
EndGlobal
